
Microsoft Visual Studio Solution File, Format Version 12.00
# Visual Studio Version 17
VisualStudioVersion = 17.9.34723.18
MinimumVisualStudioVersion = 10.0.40219.1
Project("{FAE04EC0-301F-11D3-BF4B-00C04F79EFBC}") = "Models", "Models\Models.csproj", "{8421B0DC-46CD-4969-820E-A9A809EE6054}"
EndProject
Project("{FAE04EC0-301F-11D3-BF4B-00C04F79EFBC}") = "GlobalFilter", "GlobalFilter\GlobalFilter.csproj", "{3F59478A-73DE-41D5-94D4-35DDDD4A9766}"
EndProject
Project("{FAE04EC0-301F-11D3-BF4B-00C04F79EFBC}") = "Interceptors", "Interceptors\Interceptors.csproj", "{96B86FA7-A5D0-46AD-8922-DED277C89D6F}"
EndProject
Global
	GlobalSection(SolutionConfigurationPlatforms) = preSolution
		Debug|Any CPU = Debug|Any CPU
		Release|Any CPU = Release|Any CPU
	EndGlobalSection
	GlobalSection(ProjectConfigurationPlatforms) = postSolution
		{8421B0DC-46CD-4969-820E-A9A809EE6054}.Debug|Any CPU.ActiveCfg = Debug|Any CPU
		{8421B0DC-46CD-4969-820E-A9A809EE6054}.Debug|Any CPU.Build.0 = Debug|Any CPU
		{8421B0DC-46CD-4969-820E-A9A809EE6054}.Release|Any CPU.ActiveCfg = Release|Any CPU
		{8421B0DC-46CD-4969-820E-A9A809EE6054}.Release|Any CPU.Build.0 = Release|Any CPU
		{3F59478A-73DE-41D5-94D4-35DDDD4A9766}.Debug|Any CPU.ActiveCfg = Debug|Any CPU
		{3F59478A-73DE-41D5-94D4-35DDDD4A9766}.Debug|Any CPU.Build.0 = Debug|Any CPU
		{3F59478A-73DE-41D5-94D4-35DDDD4A9766}.Release|Any CPU.ActiveCfg = Release|Any CPU
		{3F59478A-73DE-41D5-94D4-35DDDD4A9766}.Release|Any CPU.Build.0 = Release|Any CPU
		{96B86FA7-A5D0-46AD-8922-DED277C89D6F}.Debug|Any CPU.ActiveCfg = Debug|Any CPU
		{96B86FA7-A5D0-46AD-8922-DED277C89D6F}.Debug|Any CPU.Build.0 = Debug|Any CPU
		{96B86FA7-A5D0-46AD-8922-DED277C89D6F}.Release|Any CPU.ActiveCfg = Release|Any CPU
		{96B86FA7-A5D0-46AD-8922-DED277C89D6F}.Release|Any CPU.Build.0 = Release|Any CPU
	EndGlobalSection
	GlobalSection(SolutionProperties) = preSolution
		HideSolutionNode = FALSE
	EndGlobalSection
	GlobalSection(ExtensibilityGlobals) = postSolution
		SolutionGuid = {B128B292-EA3E-41FD-9406-F7D155517991}
	EndGlobalSection
EndGlobal
